
Microsoft Visual Studio Solution File, Format Version 12.00
# Visual Studio Version 17
VisualStudioVersion = 17.6.33815.320
MinimumVisualStudioVersion = 10.0.40219.1
Project("{FAE04EC0-301F-11D3-BF4B-00C04F79EFBC}") = "Inheritance", "Inheritance\Inheritance.csproj", "{E2B47B6B-AD79-420F-A915-36F2E2025839}"
EndProject
Project("{FAE04EC0-301F-11D3-BF4B-00C04F79EFBC}") = "Academy", "Academy\Academy.csproj", "{BAFAF0BF-DB37-40FB-A34E-CD61B5F72647}"
EndProject
Project("{8BC9CEB8-8B4A-11D0-8D11-00A0C91BC942}") = "FileCPP", "FileCPP\FileCPP.vcxproj", "{DECE1608-8FD2-4737-820C-CE48B2AF9499}"
EndProject
Global
	GlobalSection(SolutionConfigurationPlatforms) = preSolution
		Debug|Any CPU = Debug|Any CPU
		Debug|x64 = Debug|x64
		Debug|x86 = Debug|x86
		Release|Any CPU = Release|Any CPU
		Release|x64 = Release|x64
		Release|x86 = Release|x86
	EndGlobalSection
	GlobalSection(ProjectConfigurationPlatforms) = postSolution
		{E2B47B6B-AD79-420F-A915-36F2E2025839}.Debug|Any CPU.ActiveCfg = Debug|Any CPU
		{E2B47B6B-AD79-420F-A915-36F2E2025839}.Debug|Any CPU.Build.0 = Debug|Any CPU
		{E2B47B6B-AD79-420F-A915-36F2E2025839}.Debug|x64.ActiveCfg = Debug|Any CPU
		{E2B47B6B-AD79-420F-A915-36F2E2025839}.Debug|x64.Build.0 = Debug|Any CPU
		{E2B47B6B-AD79-420F-A915-36F2E2025839}.Debug|x86.ActiveCfg = Debug|Any CPU
		{E2B47B6B-AD79-420F-A915-36F2E2025839}.Debug|x86.Build.0 = Debug|Any CPU
		{E2B47B6B-AD79-420F-A915-36F2E2025839}.Release|Any CPU.ActiveCfg = Release|Any CPU
		{E2B47B6B-AD79-420F-A915-36F2E2025839}.Release|Any CPU.Build.0 = Release|Any CPU
		{E2B47B6B-AD79-420F-A915-36F2E2025839}.Release|x64.ActiveCfg = Release|Any CPU
		{E2B47B6B-AD79-420F-A915-36F2E2025839}.Release|x64.Build.0 = Release|Any CPU
		{E2B47B6B-AD79-420F-A915-36F2E2025839}.Release|x86.ActiveCfg = Release|Any CPU
		{E2B47B6B-AD79-420F-A915-36F2E2025839}.Release|x86.Build.0 = Release|Any CPU
		{BAFAF0BF-DB37-40FB-A34E-CD61B5F72647}.Debug|Any CPU.ActiveCfg = Debug|Any CPU
		{BAFAF0BF-DB37-40FB-A34E-CD61B5F72647}.Debug|Any CPU.Build.0 = Debug|Any CPU
		{BAFAF0BF-DB37-40FB-A34E-CD61B5F72647}.Debug|x64.ActiveCfg = Debug|Any CPU
		{BAFAF0BF-DB37-40FB-A34E-CD61B5F72647}.Debug|x64.Build.0 = Debug|Any CPU
		{BAFAF0BF-DB37-40FB-A34E-CD61B5F72647}.Debug|x86.ActiveCfg = Debug|Any CPU
		{BAFAF0BF-DB37-40FB-A34E-CD61B5F72647}.Debug|x86.Build.0 = Debug|Any CPU
		{BAFAF0BF-DB37-40FB-A34E-CD61B5F72647}.Release|Any CPU.ActiveCfg = Release|Any CPU
		{BAFAF0BF-DB37-40FB-A34E-CD61B5F72647}.Release|Any CPU.Build.0 = Release|Any CPU
		{BAFAF0BF-DB37-40FB-A34E-CD61B5F72647}.Release|x64.ActiveCfg = Release|Any CPU
		{BAFAF0BF-DB37-40FB-A34E-CD61B5F72647}.Release|x64.Build.0 = Release|Any CPU
		{BAFAF0BF-DB37-40FB-A34E-CD61B5F72647}.Release|x86.ActiveCfg = Release|Any CPU
		{BAFAF0BF-DB37-40FB-A34E-CD61B5F72647}.Release|x86.Build.0 = Release|Any CPU
		{DECE1608-8FD2-4737-820C-CE48B2AF9499}.Debug|Any CPU.ActiveCfg = Debug|x64
		{DECE1608-8FD2-4737-820C-CE48B2AF9499}.Debug|Any CPU.Build.0 = Debug|x64
		{DECE1608-8FD2-4737-820C-CE48B2AF9499}.Debug|x64.ActiveCfg = Debug|x64
		{DECE1608-8FD2-4737-820C-CE48B2AF9499}.Debug|x64.Build.0 = Debug|x64
		{DECE1608-8FD2-4737-820C-CE48B2AF9499}.Debug|x86.ActiveCfg = Debug|Win32
		{DECE1608-8FD2-4737-820C-CE48B2AF9499}.Debug|x86.Build.0 = Debug|Win32
		{DECE1608-8FD2-4737-820C-CE48B2AF9499}.Release|Any CPU.ActiveCfg = Release|x64
		{DECE1608-8FD2-4737-820C-CE48B2AF9499}.Release|Any CPU.Build.0 = Release|x64
		{DECE1608-8FD2-4737-820C-CE48B2AF9499}.Release|x64.ActiveCfg = Release|x64
		{DECE1608-8FD2-4737-820C-CE48B2AF9499}.Release|x64.Build.0 = Release|x64
		{DECE1608-8FD2-4737-820C-CE48B2AF9499}.Release|x86.ActiveCfg = Release|Win32
		{DECE1608-8FD2-4737-820C-CE48B2AF9499}.Release|x86.Build.0 = Release|Win32
	EndGlobalSection
	GlobalSection(SolutionProperties) = preSolution
		HideSolutionNode = FALSE
	EndGlobalSection
	GlobalSection(ExtensibilityGlobals) = postSolution
		SolutionGuid = {E34AC22F-62D6-46DE-8B58-A491AB73B3BF}
	EndGlobalSection
EndGlobal
