
Microsoft Visual Studio Solution File, Format Version 12.00
# Visual Studio Version 17
VisualStudioVersion = 17.6.33815.320
MinimumVisualStudioVersion = 10.0.40219.1
Project("{FAE04EC0-301F-11D3-BF4B-00C04F79EFBC}") = "Inheritance", "Inheritance\Inheritance.csproj", "{E2B47B6B-AD79-420F-A915-36F2E2025839}"
EndProject
Project("{FAE04EC0-301F-11D3-BF4B-00C04F79EFBC}") = "Academy", "Academy\Academy.csproj", "{BAFAF0BF-DB37-40FB-A34E-CD61B5F72647}"
EndProject
Project("{8BC9CEB8-8B4A-11D0-8D11-00A0C91BC942}") = "FileCPP", "FileCPP\FileCPP.vcxproj", "{DECE1608-8FD2-4737-820C-CE48B2AF9499}"
EndProject
Project("{8BC9CEB8-8B4A-11D0-8D11-00A0C91BC942}") = "FileCPP_201_ready", "FileCPP_201_ready\FileCPP_201_ready.vcxproj", "{503BFA68-C002-4C04-8BFE-F4B5F9ADB34A}"
EndProject
Project("{FAE04EC0-301F-11D3-BF4B-00C04F79EFBC}") = "File_201_ready", "File_201_ready\File_201_ready.csproj", "{52091378-7D74-4476-9872-9969133473F5}"
EndProject
Project("{8BC9CEB8-8B4A-11D0-8D11-00A0C91BC942}") = "File_201_dhcpd", "File_201_dhcpd\File_201_dhcpd.vcxproj", "{CF74E043-9CCC-4E39-91BD-EF8736375A05}"
EndProject
Project("{FAE04EC0-301F-11D3-BF4B-00C04F79EFBC}") = "FileCS_201_dscpd", "FileCS_201_dscpd\FileCS_201_dscpd.csproj", "{05EF2B0E-17D1-456F-AA45-EB45D1E89E4F}"
EndProject
Project("{FAE04EC0-301F-11D3-BF4B-00C04F79EFBC}") = "Geometry", "Geometry\Geometry.csproj", "{2D8386DF-6753-4C1A-85AE-20EDC2705A84}"
EndProject
Global
	GlobalSection(SolutionConfigurationPlatforms) = preSolution
		Debug|Any CPU = Debug|Any CPU
		Debug|x64 = Debug|x64
		Debug|x86 = Debug|x86
		Release|Any CPU = Release|Any CPU
		Release|x64 = Release|x64
		Release|x86 = Release|x86
	EndGlobalSection
	GlobalSection(ProjectConfigurationPlatforms) = postSolution
		{E2B47B6B-AD79-420F-A915-36F2E2025839}.Debug|Any CPU.ActiveCfg = Debug|Any CPU
		{E2B47B6B-AD79-420F-A915-36F2E2025839}.Debug|Any CPU.Build.0 = Debug|Any CPU
		{E2B47B6B-AD79-420F-A915-36F2E2025839}.Debug|x64.ActiveCfg = Debug|Any CPU
		{E2B47B6B-AD79-420F-A915-36F2E2025839}.Debug|x64.Build.0 = Debug|Any CPU
		{E2B47B6B-AD79-420F-A915-36F2E2025839}.Debug|x86.ActiveCfg = Debug|Any CPU
		{E2B47B6B-AD79-420F-A915-36F2E2025839}.Debug|x86.Build.0 = Debug|Any CPU
		{E2B47B6B-AD79-420F-A915-36F2E2025839}.Release|Any CPU.ActiveCfg = Release|Any CPU
		{E2B47B6B-AD79-420F-A915-36F2E2025839}.Release|Any CPU.Build.0 = Release|Any CPU
		{E2B47B6B-AD79-420F-A915-36F2E2025839}.Release|x64.ActiveCfg = Release|Any CPU
		{E2B47B6B-AD79-420F-A915-36F2E2025839}.Release|x64.Build.0 = Release|Any CPU
		{E2B47B6B-AD79-420F-A915-36F2E2025839}.Release|x86.ActiveCfg = Release|Any CPU
		{E2B47B6B-AD79-420F-A915-36F2E2025839}.Release|x86.Build.0 = Release|Any CPU
		{BAFAF0BF-DB37-40FB-A34E-CD61B5F72647}.Debug|Any CPU.ActiveCfg = Debug|Any CPU
		{BAFAF0BF-DB37-40FB-A34E-CD61B5F72647}.Debug|Any CPU.Build.0 = Debug|Any CPU
		{BAFAF0BF-DB37-40FB-A34E-CD61B5F72647}.Debug|x64.ActiveCfg = Debug|Any CPU
		{BAFAF0BF-DB37-40FB-A34E-CD61B5F72647}.Debug|x64.Build.0 = Debug|Any CPU
		{BAFAF0BF-DB37-40FB-A34E-CD61B5F72647}.Debug|x86.ActiveCfg = Debug|Any CPU
		{BAFAF0BF-DB37-40FB-A34E-CD61B5F72647}.Debug|x86.Build.0 = Debug|Any CPU
		{BAFAF0BF-DB37-40FB-A34E-CD61B5F72647}.Release|Any CPU.ActiveCfg = Release|Any CPU
		{BAFAF0BF-DB37-40FB-A34E-CD61B5F72647}.Release|Any CPU.Build.0 = Release|Any CPU
		{BAFAF0BF-DB37-40FB-A34E-CD61B5F72647}.Release|x64.ActiveCfg = Release|Any CPU
		{BAFAF0BF-DB37-40FB-A34E-CD61B5F72647}.Release|x64.Build.0 = Release|Any CPU
		{BAFAF0BF-DB37-40FB-A34E-CD61B5F72647}.Release|x86.ActiveCfg = Release|Any CPU
		{BAFAF0BF-DB37-40FB-A34E-CD61B5F72647}.Release|x86.Build.0 = Release|Any CPU
		{DECE1608-8FD2-4737-820C-CE48B2AF9499}.Debug|Any CPU.ActiveCfg = Debug|x64
		{DECE1608-8FD2-4737-820C-CE48B2AF9499}.Debug|Any CPU.Build.0 = Debug|x64
		{DECE1608-8FD2-4737-820C-CE48B2AF9499}.Debug|x64.ActiveCfg = Debug|x64
		{DECE1608-8FD2-4737-820C-CE48B2AF9499}.Debug|x64.Build.0 = Debug|x64
		{DECE1608-8FD2-4737-820C-CE48B2AF9499}.Debug|x86.ActiveCfg = Debug|Win32
		{DECE1608-8FD2-4737-820C-CE48B2AF9499}.Debug|x86.Build.0 = Debug|Win32
		{DECE1608-8FD2-4737-820C-CE48B2AF9499}.Release|Any CPU.ActiveCfg = Release|x64
		{DECE1608-8FD2-4737-820C-CE48B2AF9499}.Release|Any CPU.Build.0 = Release|x64
		{DECE1608-8FD2-4737-820C-CE48B2AF9499}.Release|x64.ActiveCfg = Release|x64
		{DECE1608-8FD2-4737-820C-CE48B2AF9499}.Release|x64.Build.0 = Release|x64
		{DECE1608-8FD2-4737-820C-CE48B2AF9499}.Release|x86.ActiveCfg = Release|Win32
		{DECE1608-8FD2-4737-820C-CE48B2AF9499}.Release|x86.Build.0 = Release|Win32
		{503BFA68-C002-4C04-8BFE-F4B5F9ADB34A}.Debug|Any CPU.ActiveCfg = Debug|x64
		{503BFA68-C002-4C04-8BFE-F4B5F9ADB34A}.Debug|Any CPU.Build.0 = Debug|x64
		{503BFA68-C002-4C04-8BFE-F4B5F9ADB34A}.Debug|x64.ActiveCfg = Debug|x64
		{503BFA68-C002-4C04-8BFE-F4B5F9ADB34A}.Debug|x64.Build.0 = Debug|x64
		{503BFA68-C002-4C04-8BFE-F4B5F9ADB34A}.Debug|x86.ActiveCfg = Debug|Win32
		{503BFA68-C002-4C04-8BFE-F4B5F9ADB34A}.Debug|x86.Build.0 = Debug|Win32
		{503BFA68-C002-4C04-8BFE-F4B5F9ADB34A}.Release|Any CPU.ActiveCfg = Release|x64
		{503BFA68-C002-4C04-8BFE-F4B5F9ADB34A}.Release|Any CPU.Build.0 = Release|x64
		{503BFA68-C002-4C04-8BFE-F4B5F9ADB34A}.Release|x64.ActiveCfg = Release|x64
		{503BFA68-C002-4C04-8BFE-F4B5F9ADB34A}.Release|x64.Build.0 = Release|x64
		{503BFA68-C002-4C04-8BFE-F4B5F9ADB34A}.Release|x86.ActiveCfg = Release|Win32
		{503BFA68-C002-4C04-8BFE-F4B5F9ADB34A}.Release|x86.Build.0 = Release|Win32
		{52091378-7D74-4476-9872-9969133473F5}.Debug|Any CPU.ActiveCfg = Debug|Any CPU
		{52091378-7D74-4476-9872-9969133473F5}.Debug|Any CPU.Build.0 = Debug|Any CPU
		{52091378-7D74-4476-9872-9969133473F5}.Debug|x64.ActiveCfg = Debug|Any CPU
		{52091378-7D74-4476-9872-9969133473F5}.Debug|x64.Build.0 = Debug|Any CPU
		{52091378-7D74-4476-9872-9969133473F5}.Debug|x86.ActiveCfg = Debug|Any CPU
		{52091378-7D74-4476-9872-9969133473F5}.Debug|x86.Build.0 = Debug|Any CPU
		{52091378-7D74-4476-9872-9969133473F5}.Release|Any CPU.ActiveCfg = Release|Any CPU
		{52091378-7D74-4476-9872-9969133473F5}.Release|Any CPU.Build.0 = Release|Any CPU
		{52091378-7D74-4476-9872-9969133473F5}.Release|x64.ActiveCfg = Release|Any CPU
		{52091378-7D74-4476-9872-9969133473F5}.Release|x64.Build.0 = Release|Any CPU
		{52091378-7D74-4476-9872-9969133473F5}.Release|x86.ActiveCfg = Release|Any CPU
		{52091378-7D74-4476-9872-9969133473F5}.Release|x86.Build.0 = Release|Any CPU
		{CF74E043-9CCC-4E39-91BD-EF8736375A05}.Debug|Any CPU.ActiveCfg = Debug|x64
		{CF74E043-9CCC-4E39-91BD-EF8736375A05}.Debug|Any CPU.Build.0 = Debug|x64
		{CF74E043-9CCC-4E39-91BD-EF8736375A05}.Debug|x64.ActiveCfg = Debug|x64
		{CF74E043-9CCC-4E39-91BD-EF8736375A05}.Debug|x64.Build.0 = Debug|x64
		{CF74E043-9CCC-4E39-91BD-EF8736375A05}.Debug|x86.ActiveCfg = Debug|Win32
		{CF74E043-9CCC-4E39-91BD-EF8736375A05}.Debug|x86.Build.0 = Debug|Win32
		{CF74E043-9CCC-4E39-91BD-EF8736375A05}.Release|Any CPU.ActiveCfg = Release|x64
		{CF74E043-9CCC-4E39-91BD-EF8736375A05}.Release|Any CPU.Build.0 = Release|x64
		{CF74E043-9CCC-4E39-91BD-EF8736375A05}.Release|x64.ActiveCfg = Release|x64
		{CF74E043-9CCC-4E39-91BD-EF8736375A05}.Release|x64.Build.0 = Release|x64
		{CF74E043-9CCC-4E39-91BD-EF8736375A05}.Release|x86.ActiveCfg = Release|Win32
		{CF74E043-9CCC-4E39-91BD-EF8736375A05}.Release|x86.Build.0 = Release|Win32
		{05EF2B0E-17D1-456F-AA45-EB45D1E89E4F}.Debug|Any CPU.ActiveCfg = Debug|Any CPU
		{05EF2B0E-17D1-456F-AA45-EB45D1E89E4F}.Debug|Any CPU.Build.0 = Debug|Any CPU
		{05EF2B0E-17D1-456F-AA45-EB45D1E89E4F}.Debug|x64.ActiveCfg = Debug|Any CPU
		{05EF2B0E-17D1-456F-AA45-EB45D1E89E4F}.Debug|x64.Build.0 = Debug|Any CPU
		{05EF2B0E-17D1-456F-AA45-EB45D1E89E4F}.Debug|x86.ActiveCfg = Debug|Any CPU
		{05EF2B0E-17D1-456F-AA45-EB45D1E89E4F}.Debug|x86.Build.0 = Debug|Any CPU
		{05EF2B0E-17D1-456F-AA45-EB45D1E89E4F}.Release|Any CPU.ActiveCfg = Release|Any CPU
		{05EF2B0E-17D1-456F-AA45-EB45D1E89E4F}.Release|Any CPU.Build.0 = Release|Any CPU
		{05EF2B0E-17D1-456F-AA45-EB45D1E89E4F}.Release|x64.ActiveCfg = Release|Any CPU
		{05EF2B0E-17D1-456F-AA45-EB45D1E89E4F}.Release|x64.Build.0 = Release|Any CPU
		{05EF2B0E-17D1-456F-AA45-EB45D1E89E4F}.Release|x86.ActiveCfg = Release|Any CPU
		{05EF2B0E-17D1-456F-AA45-EB45D1E89E4F}.Release|x86.Build.0 = Release|Any CPU
		{2D8386DF-6753-4C1A-85AE-20EDC2705A84}.Debug|Any CPU.ActiveCfg = Debug|Any CPU
		{2D8386DF-6753-4C1A-85AE-20EDC2705A84}.Debug|Any CPU.Build.0 = Debug|Any CPU
		{2D8386DF-6753-4C1A-85AE-20EDC2705A84}.Debug|x64.ActiveCfg = Debug|Any CPU
		{2D8386DF-6753-4C1A-85AE-20EDC2705A84}.Debug|x64.Build.0 = Debug|Any CPU
		{2D8386DF-6753-4C1A-85AE-20EDC2705A84}.Debug|x86.ActiveCfg = Debug|Any CPU
		{2D8386DF-6753-4C1A-85AE-20EDC2705A84}.Debug|x86.Build.0 = Debug|Any CPU
		{2D8386DF-6753-4C1A-85AE-20EDC2705A84}.Release|Any CPU.ActiveCfg = Release|Any CPU
		{2D8386DF-6753-4C1A-85AE-20EDC2705A84}.Release|Any CPU.Build.0 = Release|Any CPU
		{2D8386DF-6753-4C1A-85AE-20EDC2705A84}.Release|x64.ActiveCfg = Release|Any CPU
		{2D8386DF-6753-4C1A-85AE-20EDC2705A84}.Release|x64.Build.0 = Release|Any CPU
		{2D8386DF-6753-4C1A-85AE-20EDC2705A84}.Release|x86.ActiveCfg = Release|Any CPU
		{2D8386DF-6753-4C1A-85AE-20EDC2705A84}.Release|x86.Build.0 = Release|Any CPU
	EndGlobalSection
	GlobalSection(SolutionProperties) = preSolution
		HideSolutionNode = FALSE
	EndGlobalSection
	GlobalSection(ExtensibilityGlobals) = postSolution
		SolutionGuid = {E34AC22F-62D6-46DE-8B58-A491AB73B3BF}
	EndGlobalSection
EndGlobal
